
Microsoft Visual Studio Solution File, Format Version 12.00
# Visual Studio Version 16
VisualStudioVersion = 16.0.31729.503
MinimumVisualStudioVersion = 10.0.40219.1
Project("{FAE04EC0-301F-11D3-BF4B-00C04F79EFBC}") = "PatientFairy", "PatientFairy\PatientFairy.csproj", "{EC3ADCCC-AEA4-4918-8424-5719176B0AD0}"
EndProject
Global
	GlobalSection(SolutionConfigurationPlatforms) = preSolution
		Debug|Any CPU = Debug|Any CPU
		Release|Any CPU = Release|Any CPU
	EndGlobalSection
	GlobalSection(ProjectConfigurationPlatforms) = postSolution
		{EC3ADCCC-AEA4-4918-8424-5719176B0AD0}.Debug|Any CPU.ActiveCfg = Debug|Any CPU
		{EC3ADCCC-AEA4-4918-8424-5719176B0AD0}.Debug|Any CPU.Build.0 = Debug|Any CPU
		{EC3ADCCC-AEA4-4918-8424-5719176B0AD0}.Release|Any CPU.ActiveCfg = Release|Any CPU
		{EC3ADCCC-AEA4-4918-8424-5719176B0AD0}.Release|Any CPU.Build.0 = Release|Any CPU
	EndGlobalSection
	GlobalSection(SolutionProperties) = preSolution
		HideSolutionNode = FALSE
	EndGlobalSection
	GlobalSection(ExtensibilityGlobals) = postSolution
		SolutionGuid = {B1CAB31F-2377-4E38-8F51-0DB2B1CAADF1}
	EndGlobalSection
EndGlobal
